// !$*UTF8*$!
{
	archiveVersion = 1;
	classes = {
	};
	objectVersion = 46;
	objects = {

/* Begin PBXBuildFile section */
		D68D6E1B1D17809300D2E393 /* main.c in Sources */ = {isa = PBXBuildFile; fileRef = D68D6E1A1D17809300D2E393 /* main.c */; };
		D68D6E271D1780DD00D2E393 /* aes.c in Sources */ = {isa = PBXBuildFile; fileRef = D68D6E211D1780DD00D2E393 /* aes.c */; };
		D68D6E281D1780DD00D2E393 /* hmac-sha256.c in Sources */ = {isa = PBXBuildFile; fileRef = D68D6E231D1780DD00D2E393 /* hmac-sha256.c */; };
		D68D6E291D1780DD00D2E393 /* sha256.c in Sources */ = {isa = PBXBuildFile; fileRef = D68D6E251D1780DD00D2E393 /* sha256.c */; };
		D68D6E2D1D1992E200D2E393 /* crypto.c in Sources */ = {isa = PBXBuildFile; fileRef = D68D6E2B1D1992E100D2E393 /* crypto.c */; };
		D68D6E301D199F4800D2E393 /* utils.c in Sources */ = {isa = PBXBuildFile; fileRef = D68D6E2E1D199F4800D2E393 /* utils.c */; };
/* End PBXBuildFile section */

/* Begin PBXCopyFilesBuildPhase section */
		D68D6E151D17809300D2E393 /* CopyFiles */ = {
			isa = PBXCopyFilesBuildPhase;
			buildActionMask = 2147483647;
			dstPath = /usr/share/man/man1/;
			dstSubfolderSpec = 0;
			files = (
			);
			runOnlyForDeploymentPostprocessing = 1;
		};
/* End PBXCopyFilesBuildPhase section */

/* Begin PBXFileReference section */
		D68D6E171D17809300D2E393 /* crypto_test */ = {isa = PBXFileReference; explicitFileType = "compiled.mach-o.executable"; includeInIndex = 0; path = crypto_test; sourceTree = BUILT_PRODUCTS_DIR; };
		D68D6E1A1D17809300D2E393 /* main.c */ = {isa = PBXFileReference; lastKnownFileType = sourcecode.c.c; name = main.c; path = ../../test/crypto_test/crypto_test/main.c; sourceTree = "<group>"; };
		D68D6E211D1780DD00D2E393 /* aes.c */ = {isa = PBXFileReference; fileEncoding = 4; lastKnownFileType = sourcecode.c.c; name = aes.c; path = ../../user/crypto/aes.c; sourceTree = "<group>"; };
		D68D6E221D1780DD00D2E393 /* aes.h */ = {isa = PBXFileReference; fileEncoding = 4; lastKnownFileType = sourcecode.c.h; name = aes.h; path = ../../user/crypto/aes.h; sourceTree = "<group>"; };
		D68D6E231D1780DD00D2E393 /* hmac-sha256.c */ = {isa = PBXFileReference; fileEncoding = 4; lastKnownFileType = sourcecode.c.c; name = "hmac-sha256.c"; path = "../../user/crypto/hmac-sha256.c"; sourceTree = "<group>"; };
		D68D6E241D1780DD00D2E393 /* hmac-sha256.h */ = {isa = PBXFileReference; fileEncoding = 4; lastKnownFileType = sourcecode.c.h; name = "hmac-sha256.h"; path = "../../user/crypto/hmac-sha256.h"; sourceTree = "<group>"; };
		D68D6E251D1780DD00D2E393 /* sha256.c */ = {isa = PBXFileReference; fileEncoding = 4; lastKnownFileType = sourcecode.c.c; name = sha256.c; path = ../../user/crypto/sha256.c; sourceTree = "<group>"; };
		D68D6E261D1780DD00D2E393 /* sha256.h */ = {isa = PBXFileReference; fileEncoding = 4; lastKnownFileType = sourcecode.c.h; name = sha256.h; path = ../../user/crypto/sha256.h; sourceTree = "<group>"; };
		D68D6E2A1D1780ED00D2E393 /* esp8266.h */ = {isa = PBXFileReference; lastKnownFileType = sourcecode.c.h; name = esp8266.h; path = ../../test/crypto_test/crypto_test/esp8266.h; sourceTree = "<group>"; };
		D68D6E2B1D1992E100D2E393 /* crypto.c */ = {isa = PBXFileReference; fileEncoding = 4; lastKnownFileType = sourcecode.c.c; name = crypto.c; path = ../../user/crypto/crypto.c; sourceTree = "<group>"; };
		D68D6E2C1D1992E100D2E393 /* crypto.h */ = {isa = PBXFileReference; fileEncoding = 4; lastKnownFileType = sourcecode.c.h; name = crypto.h; path = ../../user/crypto/crypto.h; sourceTree = "<group>"; };
		D68D6E2E1D199F4800D2E393 /* utils.c */ = {isa = PBXFileReference; fileEncoding = 4; lastKnownFileType = sourcecode.c.c; name = utils.c; path = ../../test/crypto_test/crypto_test/utils.c; sourceTree = "<group>"; };
		D68D6E2F1D199F4800D2E393 /* utils.h */ = {isa = PBXFileReference; fileEncoding = 4; lastKnownFileType = sourcecode.c.h; name = utils.h; path = ../../test/crypto_test/crypto_test/utils.h; sourceTree = "<group>"; };
/* End PBXFileReference section */

/* Begin PBXFrameworksBuildPhase section */
		D68D6E141D17809300D2E393 /* Frameworks */ = {
			isa = PBXFrameworksBuildPhase;
			buildActionMask = 2147483647;
			files = (
			);
			runOnlyForDeploymentPostprocessing = 0;
		};
/* End PBXFrameworksBuildPhase section */

/* Begin PBXGroup section */
		D68D6E0E1D17809300D2E393 = {
			isa = PBXGroup;
			children = (
				D68D6E191D17809300D2E393 /* crypto_test */,
				D68D6E181D17809300D2E393 /* Products */,
			);
			sourceTree = "<group>";
		};
		D68D6E181D17809300D2E393 /* Products */ = {
			isa = PBXGroup;
			children = (
				D68D6E171D17809300D2E393 /* crypto_test */,
			);
			name = Products;
			sourceTree = "<group>";
		};
		D68D6E191D17809300D2E393 /* crypto_test */ = {
			isa = PBXGroup;
			children = (
				D68D6E1A1D17809300D2E393 /* main.c */,
				D68D6E2A1D1780ED00D2E393 /* esp8266.h */,
				D68D6E211D1780DD00D2E393 /* aes.c */,
				D68D6E221D1780DD00D2E393 /* aes.h */,
				D68D6E231D1780DD00D2E393 /* hmac-sha256.c */,
				D68D6E241D1780DD00D2E393 /* hmac-sha256.h */,
				D68D6E251D1780DD00D2E393 /* sha256.c */,
				D68D6E261D1780DD00D2E393 /* sha256.h */,
				D68D6E2B1D1992E100D2E393 /* crypto.c */,
				D68D6E2C1D1992E100D2E393 /* crypto.h */,
				D68D6E2E1D199F4800D2E393 /* utils.c */,
				D68D6E2F1D199F4800D2E393 /* utils.h */,
			);
			name = crypto_test;
			path = ../../user/crypto;
			sourceTree = "<group>";
		};
/* End PBXGroup section */

/* Begin PBXNativeTarget section */
		D68D6E161D17809300D2E393 /* crypto_test */ = {
			isa = PBXNativeTarget;
			buildConfigurationList = D68D6E1E1D17809300D2E393 /* Build configuration list for PBXNativeTarget "crypto_test" */;
			buildPhases = (
				D68D6E131D17809300D2E393 /* Sources */,
				D68D6E141D17809300D2E393 /* Frameworks */,
				D68D6E151D17809300D2E393 /* CopyFiles */,
			);
			buildRules = (
			);
			dependencies = (
			);
			name = crypto_test;
			productName = crypto_test;
			productReference = D68D6E171D17809300D2E393 /* crypto_test */;
			productType = "com.apple.product-type.tool";
		};
/* End PBXNativeTarget section */

/* Begin PBXProject section */
		D68D6E0F1D17809300D2E393 /* Project object */ = {
			isa = PBXProject;
			attributes = {
				LastUpgradeCheck = 0730;
				ORGANIZATIONNAME = stoffer;
				TargetAttributes = {
					D68D6E161D17809300D2E393 = {
						CreatedOnToolsVersion = 7.3.1;
					};
				};
			};
			buildConfigurationList = D68D6E121D17809300D2E393 /* Build configuration list for PBXProject "crypto_test" */;
			compatibilityVersion = "Xcode 3.2";
			developmentRegion = English;
			hasScannedForEncodings = 0;
			knownRegions = (
				en,
			);
			mainGroup = D68D6E0E1D17809300D2E393;
			productRefGroup = D68D6E181D17809300D2E393 /* Products */;
			projectDirPath = "";
			projectRoot = "";
			targets = (
				D68D6E161D17809300D2E393 /* crypto_test */,
			);
		};
/* End PBXProject section */

/* Begin PBXSourcesBuildPhase section */
		D68D6E131D17809300D2E393 /* Sources */ = {
			isa = PBXSourcesBuildPhase;
			buildActionMask = 2147483647;
			files = (
				D68D6E1B1D17809300D2E393 /* main.c in Sources */,
				D68D6E271D1780DD00D2E393 /* aes.c in Sources */,
				D68D6E291D1780DD00D2E393 /* sha256.c in Sources */,
				D68D6E301D199F4800D2E393 /* utils.c in Sources */,
				D68D6E281D1780DD00D2E393 /* hmac-sha256.c in Sources */,
				D68D6E2D1D1992E200D2E393 /* crypto.c in Sources */,
			);
			runOnlyForDeploymentPostprocessing = 0;
		};
/* End PBXSourcesBuildPhase section */

/* Begin XCBuildConfiguration section */
		D68D6E1C1D17809300D2E393 /* Debug */ = {
			isa = XCBuildConfiguration;
			buildSettings = {
				ALWAYS_SEARCH_USER_PATHS = YES;
				CLANG_ANALYZER_NONNULL = YES;
				CLANG_CXX_LANGUAGE_STANDARD = "gnu++0x";
				CLANG_CXX_LIBRARY = "libc++";
				CLANG_ENABLE_MODULES = YES;
				CLANG_ENABLE_OBJC_ARC = YES;
				CLANG_WARN_BOOL_CONVERSION = YES;
				CLANG_WARN_CONSTANT_CONVERSION = YES;
				CLANG_WARN_DIRECT_OBJC_ISA_USAGE = YES_ERROR;
				CLANG_WARN_EMPTY_BODY = YES;
				CLANG_WARN_ENUM_CONVERSION = YES;
				CLANG_WARN_INT_CONVERSION = YES;
				CLANG_WARN_OBJC_ROOT_CLASS = YES_ERROR;
				CLANG_WARN_UNREACHABLE_CODE = YES;
				CLANG_WARN__DUPLICATE_METHOD_MATCH = YES;
				CODE_SIGN_IDENTITY = "-";
				COPY_PHASE_STRIP = NO;
				DEBUG_INFORMATION_FORMAT = dwarf;
				ENABLE_STRICT_OBJC_MSGSEND = YES;
				ENABLE_TESTABILITY = YES;
				GCC_C_LANGUAGE_STANDARD = gnu99;
				GCC_DYNAMIC_NO_PIC = NO;
				GCC_NO_COMMON_BLOCKS = YES;
				GCC_OPTIMIZATION_LEVEL = 0;
				GCC_PREPROCESSOR_DEFINITIONS = (
					"DEBUG=1",
					"$(inherited)",
				);
				GCC_WARN_64_TO_32_BIT_CONVERSION = YES;
				GCC_WARN_ABOUT_RETURN_TYPE = YES_ERROR;
				GCC_WARN_UNDECLARED_SELECTOR = YES;
				GCC_WARN_UNINITIALIZED_AUTOS = YES_AGGRESSIVE;
				GCC_WARN_UNUSED_FUNCTION = YES;
				GCC_WARN_UNUSED_VARIABLE = YES;
				HEADER_SEARCH_PATHS = (
					"/Users/stoffer/src/esp8266/kamstrup-wifi/user",
					"/Users/stoffer/src/esp8266/kamstrup-wifi/crypto_test/crypto_test",
				);
				MACOSX_DEPLOYMENT_TARGET = 10.11;
				MTL_ENABLE_DEBUG_INFO = YES;
				ONLY_ACTIVE_ARCH = YES;
				SDKROOT = macosx;
			};
			name = Debug;
		};
		D68D6E1D1D17809300D2E393 /* Release */ = {
			isa = XCBuildConfiguration;
			buildSettings = {
				ALWAYS_SEARCH_USER_PATHS = YES;
				CLANG_ANALYZER_NONNULL = YES;
				CLANG_CXX_LANGUAGE_STANDARD = "gnu++0x";
				CLANG_CXX_LIBRARY = "libc++";
				CLANG_ENABLE_MODULES = YES;
				CLANG_ENABLE_OBJC_ARC = YES;
				CLANG_WARN_BOOL_CONVERSION = YES;
				CLANG_WARN_CONSTANT_CONVERSION = YES;
				CLANG_WARN_DIRECT_OBJC_ISA_USAGE = YES_ERROR;
				CLANG_WARN_EMPTY_BODY = YES;
				CLANG_WARN_ENUM_CONVERSION = YES;
				CLANG_WARN_INT_CONVERSION = YES;
				CLANG_WARN_OBJC_ROOT_CLASS = YES_ERROR;
				CLANG_WARN_UNREACHABLE_CODE = YES;
				CLANG_WARN__DUPLICATE_METHOD_MATCH = YES;
				CODE_SIGN_IDENTITY = "-";
				COPY_PHASE_STRIP = NO;
				DEBUG_INFORMATION_FORMAT = "dwarf-with-dsym";
				ENABLE_NS_ASSERTIONS = NO;
				ENABLE_STRICT_OBJC_MSGSEND = YES;
				GCC_C_LANGUAGE_STANDARD = gnu99;
				GCC_NO_COMMON_BLOCKS = YES;
				GCC_WARN_64_TO_32_BIT_CONVERSION = YES;
				GCC_WARN_ABOUT_RETURN_TYPE = YES_ERROR;
				GCC_WARN_UNDECLARED_SELECTOR = YES;
				GCC_WARN_UNINITIALIZED_AUTOS = YES_AGGRESSIVE;
				GCC_WARN_UNUSED_FUNCTION = YES;
				GCC_WARN_UNUSED_VARIABLE = YES;
				HEADER_SEARCH_PATHS = (
					"/Users/stoffer/src/esp8266/kamstrup-wifi/user",
					"/Users/stoffer/src/esp8266/kamstrup-wifi/crypto_test/crypto_test",
				);
				MACOSX_DEPLOYMENT_TARGET = 10.11;
				MTL_ENABLE_DEBUG_INFO = NO;
				SDKROOT = macosx;
			};
			name = Release;
		};
		D68D6E1F1D17809300D2E393 /* Debug */ = {
			isa = XCBuildConfiguration;
			buildSettings = {
				HEADER_SEARCH_PATHS = (
					/Users/stoffer/esp8266/MeterLogger/user,
					/Users/stoffer/esp8266/MeterLogger/test/crypto_test/crypto_test,
				);
				PRODUCT_NAME = "$(TARGET_NAME)";
			};
			name = Debug;
		};
		D68D6E201D17809300D2E393 /* Release */ = {
			isa = XCBuildConfiguration;
			buildSettings = {
				HEADER_SEARCH_PATHS = (
					/Users/stoffer/esp8266/MeterLogger/user,
					/Users/stoffer/esp8266/MeterLogger/test/crypto_test/crypto_test,
				);
				PRODUCT_NAME = "$(TARGET_NAME)";
			};
			name = Release;
		};
/* End XCBuildConfiguration section */

/* Begin XCConfigurationList section */
		D68D6E121D17809300D2E393 /* Build configuration list for PBXProject "crypto_test" */ = {
			isa = XCConfigurationList;
			buildConfigurations = (
				D68D6E1C1D17809300D2E393 /* Debug */,
				D68D6E1D1D17809300D2E393 /* Release */,
			);
			defaultConfigurationIsVisible = 0;
			defaultConfigurationName = Release;
		};
		D68D6E1E1D17809300D2E393 /* Build configuration list for PBXNativeTarget "crypto_test" */ = {
			isa = XCConfigurationList;
			buildConfigurations = (
				D68D6E1F1D17809300D2E393 /* Debug */,
				D68D6E201D17809300D2E393 /* Release */,
			);
			defaultConfigurationIsVisible = 0;
			defaultConfigurationName = Release;
		};
/* End XCConfigurationList section */
	};
	rootObject = D68D6E0F1D17809300D2E393 /* Project object */;
}
