// !$*UTF8*$!
{
	archiveVersion = 1;
	classes = {
	};
	objectVersion = 46;
	objects = {

/* Begin PBXBuildFile section */
		D625AD2E1AB88E56002DF65F /* kmp_test.c in Sources */ = {isa = PBXBuildFile; fileRef = D625AD291AB88E56002DF65F /* kmp_test.c */; };
		D625AD2F1AB88E56002DF65F /* kmp.c in Sources */ = {isa = PBXBuildFile; fileRef = D625AD2B1AB88E56002DF65F /* kmp.c */; };
/* End PBXBuildFile section */

/* Begin PBXCopyFilesBuildPhase section */
		D625AD1D1AB88D87002DF65F /* CopyFiles */ = {
			isa = PBXCopyFilesBuildPhase;
			buildActionMask = 2147483647;
			dstPath = /usr/share/man/man1/;
			dstSubfolderSpec = 0;
			files = (
			);
			runOnlyForDeploymentPostprocessing = 1;
		};
/* End PBXCopyFilesBuildPhase section */

/* Begin PBXFileReference section */
		D625AD1F1AB88D87002DF65F /* kmp_test */ = {isa = PBXFileReference; explicitFileType = "compiled.mach-o.executable"; includeInIndex = 0; path = kmp_test; sourceTree = BUILT_PRODUCTS_DIR; };
		D625AD291AB88E56002DF65F /* kmp_test.c */ = {isa = PBXFileReference; fileEncoding = 4; lastKnownFileType = sourcecode.c.c; path = kmp_test.c; sourceTree = SOURCE_ROOT; };
		D625AD2A1AB88E56002DF65F /* kmp_test.h */ = {isa = PBXFileReference; fileEncoding = 4; lastKnownFileType = sourcecode.c.h; path = kmp_test.h; sourceTree = SOURCE_ROOT; };
		D625AD2B1AB88E56002DF65F /* kmp.c */ = {isa = PBXFileReference; fileEncoding = 4; lastKnownFileType = sourcecode.c.c; name = kmp.c; path = ../kmp.c; sourceTree = "<group>"; };
		D625AD2C1AB88E56002DF65F /* kmp.h */ = {isa = PBXFileReference; fileEncoding = 4; lastKnownFileType = sourcecode.c.h; name = kmp.h; path = ../kmp.h; sourceTree = "<group>"; };
		D625AD2D1AB88E56002DF65F /* Makefile */ = {isa = PBXFileReference; fileEncoding = 4; lastKnownFileType = sourcecode.make; name = Makefile; path = ../Makefile; sourceTree = "<group>"; };
/* End PBXFileReference section */

/* Begin PBXFrameworksBuildPhase section */
		D625AD1C1AB88D87002DF65F /* Frameworks */ = {
			isa = PBXFrameworksBuildPhase;
			buildActionMask = 2147483647;
			files = (
			);
			runOnlyForDeploymentPostprocessing = 0;
		};
/* End PBXFrameworksBuildPhase section */

/* Begin PBXGroup section */
		D625AD161AB88D87002DF65F = {
			isa = PBXGroup;
			children = (
				D625AD211AB88D87002DF65F /* kmp_test */,
				D625AD201AB88D87002DF65F /* Products */,
			);
			sourceTree = "<group>";
		};
		D625AD201AB88D87002DF65F /* Products */ = {
			isa = PBXGroup;
			children = (
				D625AD1F1AB88D87002DF65F /* kmp_test */,
			);
			name = Products;
			sourceTree = "<group>";
		};
		D625AD211AB88D87002DF65F /* kmp_test */ = {
			isa = PBXGroup;
			children = (
				D625AD2B1AB88E56002DF65F /* kmp.c */,
				D625AD2C1AB88E56002DF65F /* kmp.h */,
				D625AD291AB88E56002DF65F /* kmp_test.c */,
				D625AD2A1AB88E56002DF65F /* kmp_test.h */,
				D625AD2D1AB88E56002DF65F /* Makefile */,
			);
			path = kmp_test;
			sourceTree = "<group>";
		};
/* End PBXGroup section */

/* Begin PBXNativeTarget section */
		D625AD1E1AB88D87002DF65F /* kmp_test */ = {
			isa = PBXNativeTarget;
			buildConfigurationList = D625AD261AB88D87002DF65F /* Build configuration list for PBXNativeTarget "kmp_test" */;
			buildPhases = (
				D625AD1B1AB88D87002DF65F /* Sources */,
				D625AD1C1AB88D87002DF65F /* Frameworks */,
				D625AD1D1AB88D87002DF65F /* CopyFiles */,
			);
			buildRules = (
			);
			dependencies = (
			);
			name = kmp_test;
			productName = kmp_test;
			productReference = D625AD1F1AB88D87002DF65F /* kmp_test */;
			productType = "com.apple.product-type.tool";
		};
/* End PBXNativeTarget section */

/* Begin PBXProject section */
		D625AD171AB88D87002DF65F /* Project object */ = {
			isa = PBXProject;
			attributes = {
				LastUpgradeCheck = 0610;
				ORGANIZATIONNAME = stoffer;
				TargetAttributes = {
					D625AD1E1AB88D87002DF65F = {
						CreatedOnToolsVersion = 6.1;
					};
				};
			};
			buildConfigurationList = D625AD1A1AB88D87002DF65F /* Build configuration list for PBXProject "kmp_test" */;
			compatibilityVersion = "Xcode 3.2";
			developmentRegion = English;
			hasScannedForEncodings = 0;
			knownRegions = (
				en,
			);
			mainGroup = D625AD161AB88D87002DF65F;
			productRefGroup = D625AD201AB88D87002DF65F /* Products */;
			projectDirPath = "";
			projectRoot = "";
			targets = (
				D625AD1E1AB88D87002DF65F /* kmp_test */,
			);
		};
/* End PBXProject section */

/* Begin PBXSourcesBuildPhase section */
		D625AD1B1AB88D87002DF65F /* Sources */ = {
			isa = PBXSourcesBuildPhase;
			buildActionMask = 2147483647;
			files = (
				D625AD2F1AB88E56002DF65F /* kmp.c in Sources */,
				D625AD2E1AB88E56002DF65F /* kmp_test.c in Sources */,
			);
			runOnlyForDeploymentPostprocessing = 0;
		};
/* End PBXSourcesBuildPhase section */

/* Begin XCBuildConfiguration section */
		D625AD241AB88D87002DF65F /* Debug */ = {
			isa = XCBuildConfiguration;
			buildSettings = {
				ALWAYS_SEARCH_USER_PATHS = NO;
				CLANG_CXX_LANGUAGE_STANDARD = "gnu++0x";
				CLANG_CXX_LIBRARY = "libc++";
				CLANG_ENABLE_MODULES = YES;
				CLANG_ENABLE_OBJC_ARC = YES;
				CLANG_WARN_BOOL_CONVERSION = YES;
				CLANG_WARN_CONSTANT_CONVERSION = YES;
				CLANG_WARN_DIRECT_OBJC_ISA_USAGE = YES_ERROR;
				CLANG_WARN_EMPTY_BODY = YES;
				CLANG_WARN_ENUM_CONVERSION = YES;
				CLANG_WARN_INT_CONVERSION = YES;
				CLANG_WARN_OBJC_ROOT_CLASS = YES_ERROR;
				CLANG_WARN_UNREACHABLE_CODE = YES;
				CLANG_WARN__DUPLICATE_METHOD_MATCH = YES;
				COPY_PHASE_STRIP = NO;
				ENABLE_STRICT_OBJC_MSGSEND = YES;
				GCC_C_LANGUAGE_STANDARD = gnu99;
				GCC_DYNAMIC_NO_PIC = NO;
				GCC_OPTIMIZATION_LEVEL = 0;
				GCC_PREPROCESSOR_DEFINITIONS = (
					"DEBUG=1",
					"$(inherited)",
				);
				GCC_SYMBOLS_PRIVATE_EXTERN = NO;
				GCC_WARN_64_TO_32_BIT_CONVERSION = YES;
				GCC_WARN_ABOUT_RETURN_TYPE = YES_ERROR;
				GCC_WARN_UNDECLARED_SELECTOR = YES;
				GCC_WARN_UNINITIALIZED_AUTOS = YES_AGGRESSIVE;
				GCC_WARN_UNUSED_FUNCTION = YES;
				GCC_WARN_UNUSED_VARIABLE = YES;
				MACOSX_DEPLOYMENT_TARGET = 10.10;
				MTL_ENABLE_DEBUG_INFO = YES;
				ONLY_ACTIVE_ARCH = YES;
				SDKROOT = macosx;
			};
			name = Debug;
		};
		D625AD251AB88D87002DF65F /* Release */ = {
			isa = XCBuildConfiguration;
			buildSettings = {
				ALWAYS_SEARCH_USER_PATHS = NO;
				CLANG_CXX_LANGUAGE_STANDARD = "gnu++0x";
				CLANG_CXX_LIBRARY = "libc++";
				CLANG_ENABLE_MODULES = YES;
				CLANG_ENABLE_OBJC_ARC = YES;
				CLANG_WARN_BOOL_CONVERSION = YES;
				CLANG_WARN_CONSTANT_CONVERSION = YES;
				CLANG_WARN_DIRECT_OBJC_ISA_USAGE = YES_ERROR;
				CLANG_WARN_EMPTY_BODY = YES;
				CLANG_WARN_ENUM_CONVERSION = YES;
				CLANG_WARN_INT_CONVERSION = YES;
				CLANG_WARN_OBJC_ROOT_CLASS = YES_ERROR;
				CLANG_WARN_UNREACHABLE_CODE = YES;
				CLANG_WARN__DUPLICATE_METHOD_MATCH = YES;
				COPY_PHASE_STRIP = YES;
				DEBUG_INFORMATION_FORMAT = "dwarf-with-dsym";
				ENABLE_NS_ASSERTIONS = NO;
				ENABLE_STRICT_OBJC_MSGSEND = YES;
				GCC_C_LANGUAGE_STANDARD = gnu99;
				GCC_WARN_64_TO_32_BIT_CONVERSION = YES;
				GCC_WARN_ABOUT_RETURN_TYPE = YES_ERROR;
				GCC_WARN_UNDECLARED_SELECTOR = YES;
				GCC_WARN_UNINITIALIZED_AUTOS = YES_AGGRESSIVE;
				GCC_WARN_UNUSED_FUNCTION = YES;
				GCC_WARN_UNUSED_VARIABLE = YES;
				MACOSX_DEPLOYMENT_TARGET = 10.10;
				MTL_ENABLE_DEBUG_INFO = NO;
				SDKROOT = macosx;
			};
			name = Release;
		};
		D625AD271AB88D87002DF65F /* Debug */ = {
			isa = XCBuildConfiguration;
			buildSettings = {
				PRODUCT_NAME = "$(TARGET_NAME)";
			};
			name = Debug;
		};
		D625AD281AB88D87002DF65F /* Release */ = {
			isa = XCBuildConfiguration;
			buildSettings = {
				PRODUCT_NAME = "$(TARGET_NAME)";
			};
			name = Release;
		};
/* End XCBuildConfiguration section */

/* Begin XCConfigurationList section */
		D625AD1A1AB88D87002DF65F /* Build configuration list for PBXProject "kmp_test" */ = {
			isa = XCConfigurationList;
			buildConfigurations = (
				D625AD241AB88D87002DF65F /* Debug */,
				D625AD251AB88D87002DF65F /* Release */,
			);
			defaultConfigurationIsVisible = 0;
			defaultConfigurationName = Release;
		};
		D625AD261AB88D87002DF65F /* Build configuration list for PBXNativeTarget "kmp_test" */ = {
			isa = XCConfigurationList;
			buildConfigurations = (
				D625AD271AB88D87002DF65F /* Debug */,
				D625AD281AB88D87002DF65F /* Release */,
			);
			defaultConfigurationIsVisible = 0;
			defaultConfigurationName = Release;
		};
/* End XCConfigurationList section */
	};
	rootObject = D625AD171AB88D87002DF65F /* Project object */;
}
